PODS:
  - Alamofire (4.9.1)
  - GCDWebServer (3.5.4):
    - GCDWebServer/Core (= 3.5.4)
  - GCDWebServer/Core (3.5.4)
  - MASShortcut (2.4.0)
  - Preferences (1.0.1)
  - QRCoder (1.1.0)
  - Sparkle (1.23.0)
  - Swifter (1.4.7)
  - SwiftSocket (2.0.2)
  - SwiftyJSON (5.0.0)

DEPENDENCIES:
  - Alamofire (~> 4.9.1)
  - GCDWebServer
  - MASShortcut
  - Preferences (from `https://github.com/sindresorhus/Preferences.git`, tag `v1.0.1`)
  - QRCoder
  - Sparkle
  - Swifter
  - SwiftSocket (from `https://github.com/odariusgeorge/SwiftSocket.git`, branch `patch-1`)
  - SwiftyJSON

SPEC REPOS:
  https://mirrors.tuna.tsinghua.edu.cn/git/CocoaPods/Specs.git:
    - Alamofire
    - GCDWebServer
    - MASShortcut
    - QRCoder
    - Sparkle
    - Swifter
    - SwiftyJSON

EXTERNAL SOURCES:
  Preferences:
    :git: https://github.com/sindresorhus/Preferences.git
    :tag: v1.0.1
  SwiftSocket:
    :branch: patch-1
    :git: https://github.com/odariusgeorge/SwiftSocket.git

CHECKOUT OPTIONS:
  Preferences:
    :git: https://github.com/sindresorhus/Preferences.git
    :tag: v1.0.1
  SwiftSocket:
    :commit: 24ee358a41fef2e56c8c2fce7d0c64c81981f049
    :git: https://github.com/odariusgeorge/SwiftSocket.git

SPEC CHECKSUMS:
  Alamofire: 85e8a02c69d6020a0d734f6054870d7ecb75cf18
  GCDWebServer: 2c156a56c8226e2d5c0c3f208a3621ccffbe3ce4
  MASShortcut: d9e4909e878661cc42877cc9d6efbe638273ab57
  Preferences: a5afbe0ae3e6bd886328b1960f4998e65d58f2c4
  QRCoder: cbd2bee531cc86d286df7942334cfed94c803ae4
  Sparkle: 55b1a87ba69d56913375a281546b7c82dec95bb0
  Swifter: 2327ef5d872c638aebab79646ce494af508b0c8f
  SwiftSocket: c8d482e867ae4d3eb4c769e9382e123c1f1f833b
  SwiftyJSON: 36413e04c44ee145039d332b4f4e2d3e8d6c4db7

PODFILE CHECKSUM: 1dbeab1adb26eec2688c5539d9dc3f6ee6533c12

COCOAPODS: 1.8.4
